
Microsoft Visual Studio Solution File, Format Version 12.00
# Visual Studio Version 16
VisualStudioVersion = 16.0.30503.244
MinimumVisualStudioVersion = 10.0.40219.1
Project("{FAE04EC0-301F-11D3-BF4B-00C04F79EFBC}") = "WebApplication2", "WebApplication2\WebApplication2.csproj", "{F657958D-6826-405F-B0F7-A5149478D4A3}"
EndProject
Project("{FAE04EC0-301F-11D3-BF4B-00C04F79EFBC}") = "WebApplication3", "WebApplication3\WebApplication3.csproj", "{A8805EEA-74E1-4D9E-A17E-2C422879A6BB}"
EndProject
Global
	GlobalSection(SolutionConfigurationPlatforms) = preSolution
		Debug|Any CPU = Debug|Any CPU
		Release|Any CPU = Release|Any CPU
	EndGlobalSection
	GlobalSection(ProjectConfigurationPlatforms) = postSolution
		{F657958D-6826-405F-B0F7-A5149478D4A3}.Debug|Any CPU.ActiveCfg = Debug|Any CPU
		{F657958D-6826-405F-B0F7-A5149478D4A3}.Debug|Any CPU.Build.0 = Debug|Any CPU
		{F657958D-6826-405F-B0F7-A5149478D4A3}.Release|Any CPU.ActiveCfg = Release|Any CPU
		{F657958D-6826-405F-B0F7-A5149478D4A3}.Release|Any CPU.Build.0 = Release|Any CPU
		{A8805EEA-74E1-4D9E-A17E-2C422879A6BB}.Debug|Any CPU.ActiveCfg = Debug|Any CPU
		{A8805EEA-74E1-4D9E-A17E-2C422879A6BB}.Debug|Any CPU.Build.0 = Debug|Any CPU
		{A8805EEA-74E1-4D9E-A17E-2C422879A6BB}.Release|Any CPU.ActiveCfg = Release|Any CPU
		{A8805EEA-74E1-4D9E-A17E-2C422879A6BB}.Release|Any CPU.Build.0 = Release|Any CPU
	EndGlobalSection
	GlobalSection(SolutionProperties) = preSolution
		HideSolutionNode = FALSE
	EndGlobalSection
	GlobalSection(ExtensibilityGlobals) = postSolution
		SolutionGuid = {110669DF-A412-4DCA-B3DA-A595CFFF8648}
	EndGlobalSection
EndGlobal
